{
  "version": 1,
  "dependencies": {
    "net7.0": {
      "Microsoft.NET.Test.Sdk": {
        "type": "Direct",
        "requested": "[17.4.1, )",
        "resolved": "17.4.1",
        "contentHash": "kJ5/v2ad+VEg1fL8UH18nD71Eu+Fq6dM4RKBVqlV2MLSEK/AW4LUkqlk7m7G+BrxEDJVwPjxHam17nldxV80Ow==",
        "dependencies": {
          "Microsoft.CodeCoverage": "17.4.1",
          "Microsoft.TestPlatform.TestHost": "17.4.1"
        }
      },
      "Moq": {
        "type": "Direct",
        "requested": "[4.18.4, )",
        "resolved": "4.18.4",
        "contentHash": "IOo+W51+7Afnb0noltJrKxPBSfsgMzTKCw+Re5AMx8l/vBbAbMDOynLik4+lBYIWDJSO0uV7Zdqt7cNb6RZZ+A==",
        "dependencies": {
          "Castle.Core": "5.1.1"
        }
      },
      "MSTest.TestAdapter": {
        "type": "Direct",
        "requested": "[3.0.2, )",
        "resolved": "3.0.2",
        "contentHash": "K1hhtevCzbogylmAnCluV/M1/Ajr5EKfxWq3nv+iYxt+gHLN4gSqT6B3tPnNqUbE4aWT1aUHagcRMnARt45NzQ=="
      },
      "MSTest.TestFramework": {
        "type": "Direct",
        "requested": "[3.0.2, )",
        "resolved": "3.0.2",
        "contentHash": "cuCE5PXK0mX0FIfY3yzDNKFqCf2FTxZhdH/Bxg4662MAWZg4TnG3rYsFzNpPECrvn8Ry6lG8TaT2Ltg1NZkC6Q=="
      },
      "Castle.Core": {
        "type": "Transitive",
        "resolved": "5.1.1",
        "contentHash": "rpYtIczkzGpf+EkZgDr9CClTdemhsrwA/W5hMoPjLkRFnXzH44zDLoovXeKtmxb1ykXK9aJVODSpiJml8CTw2g==",
        "dependencies": {
          "System.Diagnostics.EventLog": "6.0.0"
        }
      },
      "Microsoft.CodeCoverage": {
        "type": "Transitive",
        "resolved": "17.4.1",
        "contentHash": "T21KxaiFawbrrjm0uXjxAStXaBm5P9H6Nnf8BUtBTvIpd8q57lrChVBCY2dnazmSu9/kuX4z5+kAOT78Dod7vA=="
      },
      "Microsoft.TestPlatform.ObjectModel": {
        "type": "Transitive",
        "resolved": "17.4.1",
        "contentHash": "v2CwoejusooZa/DZYt7UXo+CJOvwAmqg6ZyFJeIBu+DCRDqpEtf7WYhZ/AWii0EKzANPPLU9+m148aipYQkTuA==",
        "dependencies": {
          "NuGet.Frameworks": "5.11.0",
          "System.Reflection.Metadata": "1.6.0"
        }
      },
      "Microsoft.TestPlatform.TestHost": {
        "type": "Transitive",
        "resolved": "17.4.1",
        "contentHash": "K7QXM4P4qrDKdPs/VSEKXR08QEru7daAK8vlIbhwENM3peXJwb9QgrAbtbYyyfVnX+F1m+1hntTH6aRX+h/f8g==",
        "dependencies": {
          "Microsoft.TestPlatform.ObjectModel": "17.4.1",
          "Newtonsoft.Json": "13.0.1"
        }
      },
      "Newtonsoft.Json": {
        "type": "Transitive",
        "resolved": "13.0.1",
        "contentHash": "ppPFpBcvxdsfUonNcvITKqLl3bqxWbDCZIzDWHzjpdAHRFfZe0Dw9HmA0+za13IdyrgJwpkDTDA9fHaxOrt20A=="
      },
      "NuGet.Frameworks": {
        "type": "Transitive",
        "resolved": "5.11.0",
        "contentHash": "eaiXkUjC4NPcquGWzAGMXjuxvLwc6XGKMptSyOGQeT0X70BUZObuybJFZLA0OfTdueLd3US23NBPTBb6iF3V1Q=="
      },
      "System.Diagnostics.EventLog": {
        "type": "Transitive",
        "resolved": "6.0.0",
        "contentHash": "lcyUiXTsETK2ALsZrX+nWuHSIQeazhqPphLfaRxzdGaG93+0kELqpgEHtwWOlQe7+jSFnKwaCAgL4kjeZCQJnw=="
      },
      "System.Reflection.Metadata": {
        "type": "Transitive",
        "resolved": "1.6.0",
        "contentHash": "COC1aiAJjCoA5GBF+QKL2uLqEBew4JsCkQmoHKbN3TlOZKa2fKLz5CpiRQKDz0RsAOEGsVKqOD5bomsXq/4STQ=="
      },
      "pdftoprinter": {
        "type": "Project"
      }
    }
  }
}