
Microsoft Visual Studio Solution File, Format Version 12.00
# Visual Studio 15
VisualStudioVersion = 15.0.28010.2048
MinimumVisualStudioVersion = 10.0.40219.1
Project("{FAE04EC0-301F-11D3-BF4B-00C04F79EFBC}") = "PDFtoPrinter.Package", "PDFtoPrinter.Package\PDFtoPrinter.Package.csproj", "{AEA3D3AD-56C4-4811-806B-DE563E248138}"
EndProject
Global
	GlobalSection(SolutionConfigurationPlatforms) = preSolution
		Debug|Any CPU = Debug|Any CPU
		Release|Any CPU = Release|Any CPU
	EndGlobalSection
	GlobalSection(ProjectConfigurationPlatforms) = postSolution
		{AEA3D3AD-56C4-4811-806B-DE563E248138}.Debug|Any CPU.ActiveCfg = Debug|Any CPU
		{AEA3D3AD-56C4-4811-806B-DE563E248138}.Debug|Any CPU.Build.0 = Debug|Any CPU
		{AEA3D3AD-56C4-4811-806B-DE563E248138}.Release|Any CPU.ActiveCfg = Release|Any CPU
		{AEA3D3AD-56C4-4811-806B-DE563E248138}.Release|Any CPU.Build.0 = Release|Any CPU
	EndGlobalSection
	GlobalSection(SolutionProperties) = preSolution
		HideSolutionNode = FALSE
	EndGlobalSection
	GlobalSection(ExtensibilityGlobals) = postSolution
		SolutionGuid = {288FDBFA-5712-4CD1-B1F6-55A5C6124CEC}
	EndGlobalSection
EndGlobal
